schema: '2.0'
stages:
  ingest:
    cmd: "PYTHONPATH=. python scripts/ingest.py --provider chroma --strategy recursive
      --raw-dir data/raw --reset true\n"
    deps:
    - path: data/raw
      hash: md5
      md5: 2495817ee10d07d07d42ba40aafb9947.dir
      size: 10234
      nfiles: 2
    - path: scripts/ingest.py
      hash: md5
      md5: 37fde4c03284fa1e4f74ea0f2b40d8af
      size: 2213
    - path: src/embedings/embedder.py
      hash: md5
      md5: 9e3d5274f78f59c77c2d01836832e2a9
      size: 851
    - path: src/ingestion/chunker.py
      hash: md5
      md5: 213068155464dc85637d0d3e77e249a7
      size: 4918
    - path: src/ingestion/loader.py
      hash: md5
      md5: aea54f0df4d85887241a9c2098936333
      size: 2141
    - path: src/vectorstore/store.py
      hash: md5
      md5: f9bcb5d1a8ed53fc3db09b4ec8e3d2ec
      size: 9073
    params:
      params.yaml:
        embedding:
          model: all-MiniLM-L6-v2
        ingestion:
          raw_dir: data/raw
          provider: chroma
          strategy: recursive
          reset: true
          chunk_size: 500
          chunk_overlap: 50
    outs:
    - path: data/processed/ingestion_metrics.json
      hash: md5
      md5: d974fdd22394119501a31212058b4051
      size: 104
    - path: data/processed/ingestion_summary.json
      hash: md5
      md5: daf0e7e0ba08f128f0be5b85ec92af90
      size: 178
  evaluate:
    cmd: "PYTHONPATH=. python scripts/evaluate.py --provider chroma --top-k 4\n"
    deps:
    - path: data/processed/ingestion_summary.json
      hash: md5
      md5: daf0e7e0ba08f128f0be5b85ec92af90
      size: 178
    - path: scripts/evaluate.py
      hash: md5
      md5: 468a3ae90c2c2ec19c2016e6abbabb5b
      size: 2630
    - path: src/pipeline.py
      hash: md5
      md5: d50b918fc5357e31ba22f2854bbe4441
      size: 3991
    - path: src/retrieval/retriever.py
      hash: md5
      md5: 887fd54626812c92f2a2ed8a03d8335b
      size: 1561
    - path: src/vectorstore/store.py
      hash: md5
      md5: f9bcb5d1a8ed53fc3db09b4ec8e3d2ec
      size: 9073
    params:
      params.yaml:
        retrieval:
          top_k: 4
    outs:
    - path: data/processed/eval_metrics.json
      hash: md5
      md5: 1986765938c512eead5c898a2132072a
      size: 147
